
Microsoft Visual Studio Solution File, Format Version 12.00
# Visual Studio Version 17
VisualStudioVersion = 17.3.32825.248
MinimumVisualStudioVersion = 10.0.40219.1
Project("{9A19103F-16F7-4668-BE54-9A1E7A4F7556}") = "SalesWebApiPractice", "CleverWashWebApiTestTask\SalesWebApiPractice.csproj", "{5A92D2E5-35B8-44A1-B39D-B5197C5D3527}"
EndProject
Project("{9A19103F-16F7-4668-BE54-9A1E7A4F7556}") = "SalesWebApiPracticeTests", "CleverWashTests\SalesWebApiPracticeTests.csproj", "{362C052E-8F28-4338-8AF2-55A861C6AD0E}"
EndProject
Global
	GlobalSection(SolutionConfigurationPlatforms) = preSolution
		Debug|Any CPU = Debug|Any CPU
		Release|Any CPU = Release|Any CPU
	EndGlobalSection
	GlobalSection(ProjectConfigurationPlatforms) = postSolution
		{5A92D2E5-35B8-44A1-B39D-B5197C5D3527}.Debug|Any CPU.ActiveCfg = Debug|Any CPU
		{5A92D2E5-35B8-44A1-B39D-B5197C5D3527}.Debug|Any CPU.Build.0 = Debug|Any CPU
		{5A92D2E5-35B8-44A1-B39D-B5197C5D3527}.Release|Any CPU.ActiveCfg = Release|Any CPU
		{5A92D2E5-35B8-44A1-B39D-B5197C5D3527}.Release|Any CPU.Build.0 = Release|Any CPU
		{362C052E-8F28-4338-8AF2-55A861C6AD0E}.Debug|Any CPU.ActiveCfg = Debug|Any CPU
		{362C052E-8F28-4338-8AF2-55A861C6AD0E}.Debug|Any CPU.Build.0 = Debug|Any CPU
		{362C052E-8F28-4338-8AF2-55A861C6AD0E}.Release|Any CPU.ActiveCfg = Release|Any CPU
		{362C052E-8F28-4338-8AF2-55A861C6AD0E}.Release|Any CPU.Build.0 = Release|Any CPU
	EndGlobalSection
	GlobalSection(SolutionProperties) = preSolution
		HideSolutionNode = FALSE
	EndGlobalSection
	GlobalSection(ExtensibilityGlobals) = postSolution
		SolutionGuid = {D0EE8687-D756-4137-98D5-6654D915F785}
	EndGlobalSection
EndGlobal
